
Microsoft Visual Studio Solution File, Format Version 12.00
# Visual Studio Version 17
VisualStudioVersion = 17.14.36811.4
MinimumVisualStudioVersion = 10.0.40219.1
Project("{FAE04EC0-301F-11D3-BF4B-00C04F79EFBC}") = "Bank", "Bank\Bank.csproj", "{575C3877-7FA6-4B07-9FF5-F089684025CA}"
EndProject
Project("{FAE04EC0-301F-11D3-BF4B-00C04F79EFBC}") = "BankTests", "BankTests\BankTests.csproj", "{0328173A-018A-4864-9213-B41E870FD2B9}"
EndProject
Global
	GlobalSection(SolutionConfigurationPlatforms) = preSolution
		Debug|Any CPU = Debug|Any CPU
		Release|Any CPU = Release|Any CPU
	EndGlobalSection
	GlobalSection(ProjectConfigurationPlatforms) = postSolution
		{575C3877-7FA6-4B07-9FF5-F089684025CA}.Debug|Any CPU.ActiveCfg = Debug|Any CPU
		{575C3877-7FA6-4B07-9FF5-F089684025CA}.Debug|Any CPU.Build.0 = Debug|Any CPU
		{575C3877-7FA6-4B07-9FF5-F089684025CA}.Release|Any CPU.ActiveCfg = Release|Any CPU
		{575C3877-7FA6-4B07-9FF5-F089684025CA}.Release|Any CPU.Build.0 = Release|Any CPU
		{0328173A-018A-4864-9213-B41E870FD2B9}.Debug|Any CPU.ActiveCfg = Debug|Any CPU
		{0328173A-018A-4864-9213-B41E870FD2B9}.Debug|Any CPU.Build.0 = Debug|Any CPU
		{0328173A-018A-4864-9213-B41E870FD2B9}.Release|Any CPU.ActiveCfg = Release|Any CPU
		{0328173A-018A-4864-9213-B41E870FD2B9}.Release|Any CPU.Build.0 = Release|Any CPU
	EndGlobalSection
	GlobalSection(SolutionProperties) = preSolution
		HideSolutionNode = FALSE
	EndGlobalSection
	GlobalSection(ExtensibilityGlobals) = postSolution
		SolutionGuid = {93195041-9936-474A-8857-61944E9BA58C}
	EndGlobalSection
EndGlobal
